// !$*UTF8*$!
{
	archiveVersion = 1;
	classes = {
	};
	objectVersion = 56;
	objects = {

/* Begin PBXBuildFile section */
		A716FB7D2B5652AF00B5FD0D /* BitsoApp.swift in Sources */ = {isa = PBXBuildFile; fileRef = A716FB7C2B5652AF00B5FD0D /* BitsoApp.swift */; };
		A716FB812B5652B000B5FD0D /* Assets.xcassets in Resources */ = {isa = PBXBuildFile; fileRef = A716FB802B5652B000B5FD0D /* Assets.xcassets */; };
		A716FB842B5652B000B5FD0D /* Preview Assets.xcassets in Resources */ = {isa = PBXBuildFile; fileRef = A716FB832B5652B000B5FD0D /* Preview Assets.xcassets */; };
		A716FB932B56550300B5FD0D /* AppDependencies.swift in Sources */ = {isa = PBXBuildFile; fileRef = A716FB922B56550300B5FD0D /* AppDependencies.swift */; };
		A716FB972B56553A00B5FD0D /* NetworkServiceProtocol.swift in Sources */ = {isa = PBXBuildFile; fileRef = A716FB962B56553A00B5FD0D /* NetworkServiceProtocol.swift */; };
		A716FB992B56554800B5FD0D /* NetworkService.swift in Sources */ = {isa = PBXBuildFile; fileRef = A716FB982B56554800B5FD0D /* NetworkService.swift */; };
		A716FB9B2B56555400B5FD0D /* DatabaseServiceProtocol.swift in Sources */ = {isa = PBXBuildFile; fileRef = A716FB9A2B56555400B5FD0D /* DatabaseServiceProtocol.swift */; };
		A716FB9D2B56556100B5FD0D /* DatabaseService.swift in Sources */ = {isa = PBXBuildFile; fileRef = A716FB9C2B56556100B5FD0D /* DatabaseService.swift */; };
		A716FB9F2B566CC000B5FD0D /* Pagination.swift in Sources */ = {isa = PBXBuildFile; fileRef = A716FB9E2B566CC000B5FD0D /* Pagination.swift */; };
		A716FBA12B566CCB00B5FD0D /* Thumbnail.swift in Sources */ = {isa = PBXBuildFile; fileRef = A716FBA02B566CCB00B5FD0D /* Thumbnail.swift */; };
		A716FBA32B566CD300B5FD0D /* Data.swift in Sources */ = {isa = PBXBuildFile; fileRef = A716FBA22B566CD300B5FD0D /* Data.swift */; };
		A716FBA52B566CDD00B5FD0D /* Config.swift in Sources */ = {isa = PBXBuildFile; fileRef = A716FBA42B566CDD00B5FD0D /* Config.swift */; };
		A716FBA72B566CE500B5FD0D /* Artworks.swift in Sources */ = {isa = PBXBuildFile; fileRef = A716FBA62B566CE500B5FD0D /* Artworks.swift */; };
		A716FBA92B566D2100B5FD0D /* Info.swift in Sources */ = {isa = PBXBuildFile; fileRef = A716FBA82B566D2100B5FD0D /* Info.swift */; };
		A716FBAB2B566DA300B5FD0D /* ArtworksViewModel.swift in Sources */ = {isa = PBXBuildFile; fileRef = A716FBAA2B566DA300B5FD0D /* ArtworksViewModel.swift */; };
		A716FBAD2B566DC000B5FD0D /* ArtworksView.swift in Sources */ = {isa = PBXBuildFile; fileRef = A716FBAC2B566DC000B5FD0D /* ArtworksView.swift */; };
		A716FBAF2B566FDC00B5FD0D /* ArtworkDetailView.swift in Sources */ = {isa = PBXBuildFile; fileRef = A716FBAE2B566FDC00B5FD0D /* ArtworkDetailView.swift */; };
		A7E188462B57952300B1C458 /* DimensionsDetail.swift in Sources */ = {isa = PBXBuildFile; fileRef = A7E188452B57952300B1C458 /* DimensionsDetail.swift */; };
		A7E188482B57953E00B1C458 /* Color.swift in Sources */ = {isa = PBXBuildFile; fileRef = A7E188472B57953E00B1C458 /* Color.swift */; };
		A7E1884A2B57955000B1C458 /* SuggestAutocompleteAll.swift in Sources */ = {isa = PBXBuildFile; fileRef = A7E188492B57955000B1C458 /* SuggestAutocompleteAll.swift */; };
		A7E1884C2B57957300B1C458 /* Contexts.swift in Sources */ = {isa = PBXBuildFile; fileRef = A7E1884B2B57957300B1C458 /* Contexts.swift */; };
/* End PBXBuildFile section */

/* Begin PBXFileReference section */
		A716FB792B5652AF00B5FD0D /* Bitso.app */ = {isa = PBXFileReference; explicitFileType = wrapper.application; includeInIndex = 0; path = Bitso.app; sourceTree = BUILT_PRODUCTS_DIR; };
		A716FB7C2B5652AF00B5FD0D /* BitsoApp.swift */ = {isa = PBXFileReference; lastKnownFileType = sourcecode.swift; path = BitsoApp.swift; sourceTree = "<group>"; };
		A716FB802B5652B000B5FD0D /* Assets.xcassets */ = {isa = PBXFileReference; lastKnownFileType = folder.assetcatalog; path = Assets.xcassets; sourceTree = "<group>"; };
		A716FB832B5652B000B5FD0D /* Preview Assets.xcassets */ = {isa = PBXFileReference; lastKnownFileType = folder.assetcatalog; path = "Preview Assets.xcassets"; sourceTree = "<group>"; };
		A716FB922B56550300B5FD0D /* AppDependencies.swift */ = {isa = PBXFileReference; lastKnownFileType = sourcecode.swift; path = AppDependencies.swift; sourceTree = "<group>"; };
		A716FB962B56553A00B5FD0D /* NetworkServiceProtocol.swift */ = {isa = PBXFileReference; lastKnownFileType = sourcecode.swift; path = NetworkServiceProtocol.swift; sourceTree = "<group>"; };
		A716FB982B56554800B5FD0D /* NetworkService.swift */ = {isa = PBXFileReference; lastKnownFileType = sourcecode.swift; path = NetworkService.swift; sourceTree = "<group>"; };
		A716FB9A2B56555400B5FD0D /* DatabaseServiceProtocol.swift */ = {isa = PBXFileReference; lastKnownFileType = sourcecode.swift; path = DatabaseServiceProtocol.swift; sourceTree = "<group>"; };
		A716FB9C2B56556100B5FD0D /* DatabaseService.swift */ = {isa = PBXFileReference; lastKnownFileType = sourcecode.swift; path = DatabaseService.swift; sourceTree = "<group>"; };
		A716FB9E2B566CC000B5FD0D /* Pagination.swift */ = {isa = PBXFileReference; lastKnownFileType = sourcecode.swift; path = Pagination.swift; sourceTree = "<group>"; };
		A716FBA02B566CCB00B5FD0D /* Thumbnail.swift */ = {isa = PBXFileReference; lastKnownFileType = sourcecode.swift; path = Thumbnail.swift; sourceTree = "<group>"; };
		A716FBA22B566CD300B5FD0D /* Data.swift */ = {isa = PBXFileReference; lastKnownFileType = sourcecode.swift; path = Data.swift; sourceTree = "<group>"; };
		A716FBA42B566CDD00B5FD0D /* Config.swift */ = {isa = PBXFileReference; lastKnownFileType = sourcecode.swift; path = Config.swift; sourceTree = "<group>"; };
		A716FBA62B566CE500B5FD0D /* Artworks.swift */ = {isa = PBXFileReference; lastKnownFileType = sourcecode.swift; path = Artworks.swift; sourceTree = "<group>"; };
		A716FBA82B566D2100B5FD0D /* Info.swift */ = {isa = PBXFileReference; lastKnownFileType = sourcecode.swift; path = Info.swift; sourceTree = "<group>"; };
		A716FBAA2B566DA300B5FD0D /* ArtworksViewModel.swift */ = {isa = PBXFileReference; lastKnownFileType = sourcecode.swift; path = ArtworksViewModel.swift; sourceTree = "<group>"; };
		A716FBAC2B566DC000B5FD0D /* ArtworksView.swift */ = {isa = PBXFileReference; lastKnownFileType = sourcecode.swift; path = ArtworksView.swift; sourceTree = "<group>"; };
		A716FBAE2B566FDC00B5FD0D /* ArtworkDetailView.swift */ = {isa = PBXFileReference; lastKnownFileType = sourcecode.swift; path = ArtworkDetailView.swift; sourceTree = "<group>"; };
		A7E188452B57952300B1C458 /* DimensionsDetail.swift */ = {isa = PBXFileReference; lastKnownFileType = sourcecode.swift; path = DimensionsDetail.swift; sourceTree = "<group>"; };
		A7E188472B57953E00B1C458 /* Color.swift */ = {isa = PBXFileReference; lastKnownFileType = sourcecode.swift; path = Color.swift; sourceTree = "<group>"; };
		A7E188492B57955000B1C458 /* SuggestAutocompleteAll.swift */ = {isa = PBXFileReference; lastKnownFileType = sourcecode.swift; path = SuggestAutocompleteAll.swift; sourceTree = "<group>"; };
		A7E1884B2B57957300B1C458 /* Contexts.swift */ = {isa = PBXFileReference; lastKnownFileType = sourcecode.swift; path = Contexts.swift; sourceTree = "<group>"; };
/* End PBXFileReference section */

/* Begin PBXFrameworksBuildPhase section */
		A716FB762B5652AF00B5FD0D /* Frameworks */ = {
			isa = PBXFrameworksBuildPhase;
			buildActionMask = 2147483647;
			files = (
			);
			runOnlyForDeploymentPostprocessing = 0;
		};
/* End PBXFrameworksBuildPhase section */

/* Begin PBXGroup section */
		A716FB702B5652AF00B5FD0D = {
			isa = PBXGroup;
			children = (
				A716FB7B2B5652AF00B5FD0D /* Bitso */,
				A716FB7A2B5652AF00B5FD0D /* Products */,
			);
			sourceTree = "<group>";
		};
		A716FB7A2B5652AF00B5FD0D /* Products */ = {
			isa = PBXGroup;
			children = (
				A716FB792B5652AF00B5FD0D /* Bitso.app */,
			);
			name = Products;
			sourceTree = "<group>";
		};
		A716FB7B2B5652AF00B5FD0D /* Bitso */ = {
			isa = PBXGroup;
			children = (
				A716FB802B5652B000B5FD0D /* Assets.xcassets */,
				A716FB7C2B5652AF00B5FD0D /* BitsoApp.swift */,
				A716FB8A2B56541600B5FD0D /* DI */,
				A716FB8B2B56542200B5FD0D /* Services */,
				A716FB8C2B56542600B5FD0D /* Models */,
				A716FB8D2B56542C00B5FD0D /* ViewModels */,
				A716FB8E2B56543400B5FD0D /* Views */,
				A716FB822B5652B000B5FD0D /* Preview Content */,
			);
			path = Bitso;
			sourceTree = "<group>";
		};
		A716FB822B5652B000B5FD0D /* Preview Content */ = {
			isa = PBXGroup;
			children = (
				A716FB832B5652B000B5FD0D /* Preview Assets.xcassets */,
			);
			path = "Preview Content";
			sourceTree = "<group>";
		};
		A716FB8A2B56541600B5FD0D /* DI */ = {
			isa = PBXGroup;
			children = (
				A716FB922B56550300B5FD0D /* AppDependencies.swift */,
			);
			path = DI;
			sourceTree = "<group>";
		};
		A716FB8B2B56542200B5FD0D /* Services */ = {
			isa = PBXGroup;
			children = (
				A716FB942B56550C00B5FD0D /* Networking */,
				A716FB952B56551300B5FD0D /* Database */,
			);
			path = Services;
			sourceTree = "<group>";
		};
		A716FB8C2B56542600B5FD0D /* Models */ = {
			isa = PBXGroup;
			children = (
				A716FB9E2B566CC000B5FD0D /* Pagination.swift */,
				A716FBA02B566CCB00B5FD0D /* Thumbnail.swift */,
				A716FBA22B566CD300B5FD0D /* Data.swift */,
				A716FBA42B566CDD00B5FD0D /* Config.swift */,
				A716FBA62B566CE500B5FD0D /* Artworks.swift */,
				A716FBA82B566D2100B5FD0D /* Info.swift */,
				A7E188452B57952300B1C458 /* DimensionsDetail.swift */,
				A7E188472B57953E00B1C458 /* Color.swift */,
				A7E188492B57955000B1C458 /* SuggestAutocompleteAll.swift */,
				A7E1884B2B57957300B1C458 /* Contexts.swift */,
			);
			path = Models;
			sourceTree = "<group>";
		};
		A716FB8D2B56542C00B5FD0D /* ViewModels */ = {
			isa = PBXGroup;
			children = (
				A716FBAA2B566DA300B5FD0D /* ArtworksViewModel.swift */,
			);
			path = ViewModels;
			sourceTree = "<group>";
		};
		A716FB8E2B56543400B5FD0D /* Views */ = {
			isa = PBXGroup;
			children = (
				A716FBAC2B566DC000B5FD0D /* ArtworksView.swift */,
				A716FBAE2B566FDC00B5FD0D /* ArtworkDetailView.swift */,
			);
			path = Views;
			sourceTree = "<group>";
		};
		A716FB942B56550C00B5FD0D /* Networking */ = {
			isa = PBXGroup;
			children = (
				A716FB962B56553A00B5FD0D /* NetworkServiceProtocol.swift */,
				A716FB982B56554800B5FD0D /* NetworkService.swift */,
			);
			path = Networking;
			sourceTree = "<group>";
		};
		A716FB952B56551300B5FD0D /* Database */ = {
			isa = PBXGroup;
			children = (
				A716FB9A2B56555400B5FD0D /* DatabaseServiceProtocol.swift */,
				A716FB9C2B56556100B5FD0D /* DatabaseService.swift */,
			);
			path = Database;
			sourceTree = "<group>";
		};
/* End PBXGroup section */

/* Begin PBXNativeTarget section */
		A716FB782B5652AF00B5FD0D /* Bitso */ = {
			isa = PBXNativeTarget;
			buildConfigurationList = A716FB872B5652B000B5FD0D /* Build configuration list for PBXNativeTarget "Bitso" */;
			buildPhases = (
				A716FB752B5652AF00B5FD0D /* Sources */,
				A716FB762B5652AF00B5FD0D /* Frameworks */,
				A716FB772B5652AF00B5FD0D /* Resources */,
			);
			buildRules = (
			);
			dependencies = (
			);
			name = Bitso;
			productName = Bitso;
			productReference = A716FB792B5652AF00B5FD0D /* Bitso.app */;
			productType = "com.apple.product-type.application";
		};
/* End PBXNativeTarget section */

/* Begin PBXProject section */
		A716FB712B5652AF00B5FD0D /* Project object */ = {
			isa = PBXProject;
			attributes = {
				BuildIndependentTargetsInParallel = 1;
				LastSwiftUpdateCheck = 1500;
				LastUpgradeCheck = 1500;
				TargetAttributes = {
					A716FB782B5652AF00B5FD0D = {
						CreatedOnToolsVersion = 15.0.1;
					};
				};
			};
			buildConfigurationList = A716FB742B5652AF00B5FD0D /* Build configuration list for PBXProject "Bitso" */;
			compatibilityVersion = "Xcode 14.0";
			developmentRegion = en;
			hasScannedForEncodings = 0;
			knownRegions = (
				en,
				Base,
			);
			mainGroup = A716FB702B5652AF00B5FD0D;
			productRefGroup = A716FB7A2B5652AF00B5FD0D /* Products */;
			projectDirPath = "";
			projectRoot = "";
			targets = (
				A716FB782B5652AF00B5FD0D /* Bitso */,
			);
		};
/* End PBXProject section */

/* Begin PBXResourcesBuildPhase section */
		A716FB772B5652AF00B5FD0D /* Resources */ = {
			isa = PBXResourcesBuildPhase;
			buildActionMask = 2147483647;
			files = (
				A716FB842B5652B000B5FD0D /* Preview Assets.xcassets in Resources */,
				A716FB812B5652B000B5FD0D /* Assets.xcassets in Resources */,
			);
			runOnlyForDeploymentPostprocessing = 0;
		};
/* End PBXResourcesBuildPhase section */

/* Begin PBXSourcesBuildPhase section */
		A716FB752B5652AF00B5FD0D /* Sources */ = {
			isa = PBXSourcesBuildPhase;
			buildActionMask = 2147483647;
			files = (
				A716FB932B56550300B5FD0D /* AppDependencies.swift in Sources */,
				A716FBAB2B566DA300B5FD0D /* ArtworksViewModel.swift in Sources */,
				A716FB9B2B56555400B5FD0D /* DatabaseServiceProtocol.swift in Sources */,
				A716FBAD2B566DC000B5FD0D /* ArtworksView.swift in Sources */,
				A7E188482B57953E00B1C458 /* Color.swift in Sources */,
				A7E1884C2B57957300B1C458 /* Contexts.swift in Sources */,
				A716FBA72B566CE500B5FD0D /* Artworks.swift in Sources */,
				A716FB7D2B5652AF00B5FD0D /* BitsoApp.swift in Sources */,
				A716FBA52B566CDD00B5FD0D /* Config.swift in Sources */,
				A716FB992B56554800B5FD0D /* NetworkService.swift in Sources */,
				A716FB9F2B566CC000B5FD0D /* Pagination.swift in Sources */,
				A716FB9D2B56556100B5FD0D /* DatabaseService.swift in Sources */,
				A716FBAF2B566FDC00B5FD0D /* ArtworkDetailView.swift in Sources */,
				A716FBA12B566CCB00B5FD0D /* Thumbnail.swift in Sources */,
				A716FB972B56553A00B5FD0D /* NetworkServiceProtocol.swift in Sources */,
				A7E188462B57952300B1C458 /* DimensionsDetail.swift in Sources */,
				A716FBA32B566CD300B5FD0D /* Data.swift in Sources */,
				A716FBA92B566D2100B5FD0D /* Info.swift in Sources */,
				A7E1884A2B57955000B1C458 /* SuggestAutocompleteAll.swift in Sources */,
			);
			runOnlyForDeploymentPostprocessing = 0;
		};
/* End PBXSourcesBuildPhase section */

/* Begin XCBuildConfiguration section */
		A716FB852B5652B000B5FD0D /* Debug */ = {
			isa = XCBuildConfiguration;
			buildSettings = {
				ALWAYS_SEARCH_USER_PATHS = NO;
				ASSETCATALOG_COMPILER_GENERATE_SWIFT_ASSET_SYMBOL_EXTENSIONS = YES;
				CLANG_ANALYZER_NONNULL = YES;
				CLANG_ANALYZER_NUMBER_OBJECT_CONVERSION = YES_AGGRESSIVE;
				CLANG_CXX_LANGUAGE_STANDARD = "gnu++20";
				CLANG_ENABLE_MODULES = YES;
				CLANG_ENABLE_OBJC_ARC = YES;
				CLANG_ENABLE_OBJC_WEAK = YES;
				CLANG_WARN_BLOCK_CAPTURE_AUTORELEASING = YES;
				CLANG_WARN_BOOL_CONVERSION = YES;
				CLANG_WARN_COMMA = YES;
				CLANG_WARN_CONSTANT_CONVERSION = YES;
				CLANG_WARN_DEPRECATED_OBJC_IMPLEMENTATIONS = YES;
				CLANG_WARN_DIRECT_OBJC_ISA_USAGE = YES_ERROR;
				CLANG_WARN_DOCUMENTATION_COMMENTS = YES;
				CLANG_WARN_EMPTY_BODY = YES;
				CLANG_WARN_ENUM_CONVERSION = YES;
				CLANG_WARN_INFINITE_RECURSION = YES;
				CLANG_WARN_INT_CONVERSION = YES;
				CLANG_WARN_NON_LITERAL_NULL_CONVERSION = YES;
				CLANG_WARN_OBJC_IMPLICIT_RETAIN_SELF = YES;
				CLANG_WARN_OBJC_LITERAL_CONVERSION = YES;
				CLANG_WARN_OBJC_ROOT_CLASS = YES_ERROR;
				CLANG_WARN_QUOTED_INCLUDE_IN_FRAMEWORK_HEADER = YES;
				CLANG_WARN_RANGE_LOOP_ANALYSIS = YES;
				CLANG_WARN_STRICT_PROTOTYPES = YES;
				CLANG_WARN_SUSPICIOUS_MOVE = YES;
				CLANG_WARN_UNGUARDED_AVAILABILITY = YES_AGGRESSIVE;
				CLANG_WARN_UNREACHABLE_CODE = YES;
				CLANG_WARN__DUPLICATE_METHOD_MATCH = YES;
				COPY_PHASE_STRIP = NO;
				DEBUG_INFORMATION_FORMAT = dwarf;
				ENABLE_STRICT_OBJC_MSGSEND = YES;
				ENABLE_TESTABILITY = YES;
				ENABLE_USER_SCRIPT_SANDBOXING = YES;
				GCC_C_LANGUAGE_STANDARD = gnu17;
				GCC_DYNAMIC_NO_PIC = NO;
				GCC_NO_COMMON_BLOCKS = YES;
				GCC_OPTIMIZATION_LEVEL = 0;
				GCC_PREPROCESSOR_DEFINITIONS = (
					"DEBUG=1",
					"$(inherited)",
				);
				GCC_WARN_64_TO_32_BIT_CONVERSION = YES;
				GCC_WARN_ABOUT_RETURN_TYPE = YES_ERROR;
				GCC_WARN_UNDECLARED_SELECTOR = YES;
				GCC_WARN_UNINITIALIZED_AUTOS = YES_AGGRESSIVE;
				GCC_WARN_UNUSED_FUNCTION = YES;
				GCC_WARN_UNUSED_VARIABLE = YES;
				IPHONEOS_DEPLOYMENT_TARGET = 17.0;
				LOCALIZATION_PREFERS_STRING_CATALOGS = YES;
				MTL_ENABLE_DEBUG_INFO = INCLUDE_SOURCE;
				MTL_FAST_MATH = YES;
				ONLY_ACTIVE_ARCH = YES;
				SDKROOT = iphoneos;
				SWIFT_ACTIVE_COMPILATION_CONDITIONS = "DEBUG $(inherited)";
				SWIFT_OPTIMIZATION_LEVEL = "-Onone";
			};
			name = Debug;
		};
		A716FB862B5652B000B5FD0D /* Release */ = {
			isa = XCBuildConfiguration;
			buildSettings = {
				ALWAYS_SEARCH_USER_PATHS = NO;
				ASSETCATALOG_COMPILER_GENERATE_SWIFT_ASSET_SYMBOL_EXTENSIONS = YES;
				CLANG_ANALYZER_NONNULL = YES;
				CLANG_ANALYZER_NUMBER_OBJECT_CONVERSION = YES_AGGRESSIVE;
				CLANG_CXX_LANGUAGE_STANDARD = "gnu++20";
				CLANG_ENABLE_MODULES = YES;
				CLANG_ENABLE_OBJC_ARC = YES;
				CLANG_ENABLE_OBJC_WEAK = YES;
				CLANG_WARN_BLOCK_CAPTURE_AUTORELEASING = YES;
				CLANG_WARN_BOOL_CONVERSION = YES;
				CLANG_WARN_COMMA = YES;
				CLANG_WARN_CONSTANT_CONVERSION = YES;
				CLANG_WARN_DEPRECATED_OBJC_IMPLEMENTATIONS = YES;
				CLANG_WARN_DIRECT_OBJC_ISA_USAGE = YES_ERROR;
				CLANG_WARN_DOCUMENTATION_COMMENTS = YES;
				CLANG_WARN_EMPTY_BODY = YES;
				CLANG_WARN_ENUM_CONVERSION = YES;
				CLANG_WARN_INFINITE_RECURSION = YES;
				CLANG_WARN_INT_CONVERSION = YES;
				CLANG_WARN_NON_LITERAL_NULL_CONVERSION = YES;
				CLANG_WARN_OBJC_IMPLICIT_RETAIN_SELF = YES;
				CLANG_WARN_OBJC_LITERAL_CONVERSION = YES;
				CLANG_WARN_OBJC_ROOT_CLASS = YES_ERROR;
				CLANG_WARN_QUOTED_INCLUDE_IN_FRAMEWORK_HEADER = YES;
				CLANG_WARN_RANGE_LOOP_ANALYSIS = YES;
				CLANG_WARN_STRICT_PROTOTYPES = YES;
				CLANG_WARN_SUSPICIOUS_MOVE = YES;
				CLANG_WARN_UNGUARDED_AVAILABILITY = YES_AGGRESSIVE;
				CLANG_WARN_UNREACHABLE_CODE = YES;
				CLANG_WARN__DUPLICATE_METHOD_MATCH = YES;
				COPY_PHASE_STRIP = NO;
				DEBUG_INFORMATION_FORMAT = "dwarf-with-dsym";
				ENABLE_NS_ASSERTIONS = NO;
				ENABLE_STRICT_OBJC_MSGSEND = YES;
				ENABLE_USER_SCRIPT_SANDBOXING = YES;
				GCC_C_LANGUAGE_STANDARD = gnu17;
				GCC_NO_COMMON_BLOCKS = YES;
				GCC_WARN_64_TO_32_BIT_CONVERSION = YES;
				GCC_WARN_ABOUT_RETURN_TYPE = YES_ERROR;
				GCC_WARN_UNDECLARED_SELECTOR = YES;
				GCC_WARN_UNINITIALIZED_AUTOS = YES_AGGRESSIVE;
				GCC_WARN_UNUSED_FUNCTION = YES;
				GCC_WARN_UNUSED_VARIABLE = YES;
				IPHONEOS_DEPLOYMENT_TARGET = 17.0;
				LOCALIZATION_PREFERS_STRING_CATALOGS = YES;
				MTL_ENABLE_DEBUG_INFO = NO;
				MTL_FAST_MATH = YES;
				SDKROOT = iphoneos;
				SWIFT_COMPILATION_MODE = wholemodule;
				VALIDATE_PRODUCT = YES;
			};
			name = Release;
		};
		A716FB882B5652B000B5FD0D /* Debug */ = {
			isa = XCBuildConfiguration;
			buildSettings = {
				ASSETCATALOG_COMPILER_APPICON_NAME = AppIcon;
				ASSETCATALOG_COMPILER_GLOBAL_ACCENT_COLOR_NAME = AccentColor;
				CODE_SIGN_STYLE = Automatic;
				CURRENT_PROJECT_VERSION = 1;
				DEVELOPMENT_ASSET_PATHS = "\"Bitso/Preview Content\"";
				DEVELOPMENT_TEAM = "";
				ENABLE_PREVIEWS = YES;
				GENERATE_INFOPLIST_FILE = YES;
				INFOPLIST_KEY_UIApplicationSceneManifest_Generation = YES;
				INFOPLIST_KEY_UIApplicationSupportsIndirectInputEvents = YES;
				INFOPLIST_KEY_UILaunchScreen_Generation = YES;
				INFOPLIST_KEY_UISupportedInterfaceOrientations_iPad = "UIInterfaceOrientationPortrait UIInterfaceOrientationPortraitUpsideDown UIInterfaceOrientationLandscapeLeft UIInterfaceOrientationLandscapeRight";
				INFOPLIST_KEY_UISupportedInterfaceOrientations_iPhone = "UIInterfaceOrientationPortrait UIInterfaceOrientationLandscapeLeft UIInterfaceOrientationLandscapeRight";
				LD_RUNPATH_SEARCH_PATHS = (
					"$(inherited)",
					"@executable_path/Frameworks",
				);
				MARKETING_VERSION = 1.0;
				PRODUCT_BUNDLE_IDENTIFIER = com.leonardoiquintero.Bitso;
				PRODUCT_NAME = "$(TARGET_NAME)";
				SWIFT_EMIT_LOC_STRINGS = YES;
				SWIFT_VERSION = 5.0;
				TARGETED_DEVICE_FAMILY = "1,2";
			};
			name = Debug;
		};
		A716FB892B5652B000B5FD0D /* Release */ = {
			isa = XCBuildConfiguration;
			buildSettings = {
				ASSETCATALOG_COMPILER_APPICON_NAME = AppIcon;
				ASSETCATALOG_COMPILER_GLOBAL_ACCENT_COLOR_NAME = AccentColor;
				CODE_SIGN_STYLE = Automatic;
				CURRENT_PROJECT_VERSION = 1;
				DEVELOPMENT_ASSET_PATHS = "\"Bitso/Preview Content\"";
				DEVELOPMENT_TEAM = "";
				ENABLE_PREVIEWS = YES;
				GENERATE_INFOPLIST_FILE = YES;
				INFOPLIST_KEY_UIApplicationSceneManifest_Generation = YES;
				INFOPLIST_KEY_UIApplicationSupportsIndirectInputEvents = YES;
				INFOPLIST_KEY_UILaunchScreen_Generation = YES;
				INFOPLIST_KEY_UISupportedInterfaceOrientations_iPad = "UIInterfaceOrientationPortrait UIInterfaceOrientationPortraitUpsideDown UIInterfaceOrientationLandscapeLeft UIInterfaceOrientationLandscapeRight";
				INFOPLIST_KEY_UISupportedInterfaceOrientations_iPhone = "UIInterfaceOrientationPortrait UIInterfaceOrientationLandscapeLeft UIInterfaceOrientationLandscapeRight";
				LD_RUNPATH_SEARCH_PATHS = (
					"$(inherited)",
					"@executable_path/Frameworks",
				);
				MARKETING_VERSION = 1.0;
				PRODUCT_BUNDLE_IDENTIFIER = com.leonardoiquintero.Bitso;
				PRODUCT_NAME = "$(TARGET_NAME)";
				SWIFT_EMIT_LOC_STRINGS = YES;
				SWIFT_VERSION = 5.0;
				TARGETED_DEVICE_FAMILY = "1,2";
			};
			name = Release;
		};
/* End XCBuildConfiguration section */

/* Begin XCConfigurationList section */
		A716FB742B5652AF00B5FD0D /* Build configuration list for PBXProject "Bitso" */ = {
			isa = XCConfigurationList;
			buildConfigurations = (
				A716FB852B5652B000B5FD0D /* Debug */,
				A716FB862B5652B000B5FD0D /* Release */,
			);
			defaultConfigurationIsVisible = 0;
			defaultConfigurationName = Release;
		};
		A716FB872B5652B000B5FD0D /* Build configuration list for PBXNativeTarget "Bitso" */ = {
			isa = XCConfigurationList;
			buildConfigurations = (
				A716FB882B5652B000B5FD0D /* Debug */,
				A716FB892B5652B000B5FD0D /* Release */,
			);
			defaultConfigurationIsVisible = 0;
			defaultConfigurationName = Release;
		};
/* End XCConfigurationList section */
	};
	rootObject = A716FB712B5652AF00B5FD0D /* Project object */;
}
